// !$*UTF8*$!
{
	archiveVersion = 1;
	classes = {
	};
	objectVersion = 56;
	objects = {

/* Begin PBXBuildFile section */
		7E488CEA2B9A0CBA00D90E9E /* AppDelegate.swift in Sources */ = {isa = PBXBuildFile; fileRef = 7E488CE92B9A0CBA00D90E9E /* AppDelegate.swift */; };
		7E488CF32B9A0CBB00D90E9E /* Assets.xcassets in Resources */ = {isa = PBXBuildFile; fileRef = 7E488CF22B9A0CBB00D90E9E /* Assets.xcassets */; };
		7E488CF62B9A0CBB00D90E9E /* Base in Resources */ = {isa = PBXBuildFile; fileRef = 7E488CF52B9A0CBB00D90E9E /* Base */; };
		7E488D052B9A133300D90E9E /* HomeViewController.xib in Resources */ = {isa = PBXBuildFile; fileRef = 7E488D042B9A133300D90E9E /* HomeViewController.xib */; };
		7E488D062B9A133300D90E9E /* HomeViewController.swift in Sources */ = {isa = PBXBuildFile; fileRef = 7E488D032B9A133300D90E9E /* HomeViewController.swift */; };
		7E488D0A2B9A21D600D90E9E /* PruebaViewController.xib in Resources */ = {isa = PBXBuildFile; fileRef = 7E488D092B9A21D600D90E9E /* PruebaViewController.xib */; };
		7E488D0B2B9A21D600D90E9E /* PruebaViewController.swift in Sources */ = {isa = PBXBuildFile; fileRef = 7E488D082B9A21D600D90E9E /* PruebaViewController.swift */; };
		7E488D0E2B9A28FD00D90E9E /* UIButtonExtension.swift in Sources */ = {isa = PBXBuildFile; fileRef = 7E488D0D2B9A28FD00D90E9E /* UIButtonExtension.swift */; };
/* End PBXBuildFile section */

/* Begin PBXFileReference section */
		7E488CE62B9A0CBA00D90E9E /* Calculadora.app */ = {isa = PBXFileReference; explicitFileType = wrapper.application; includeInIndex = 0; path = Calculadora.app; sourceTree = BUILT_PRODUCTS_DIR; };
		7E488CE92B9A0CBA00D90E9E /* AppDelegate.swift */ = {isa = PBXFileReference; lastKnownFileType = sourcecode.swift; path = AppDelegate.swift; sourceTree = "<group>"; };
		7E488CF22B9A0CBB00D90E9E /* Assets.xcassets */ = {isa = PBXFileReference; lastKnownFileType = folder.assetcatalog; path = Assets.xcassets; sourceTree = "<group>"; };
		7E488CF52B9A0CBB00D90E9E /* Base */ = {isa = PBXFileReference; lastKnownFileType = file.storyboard; name = Base; path = Base.lproj/LaunchScreen.storyboard; sourceTree = "<group>"; };
		7E488CF72B9A0CBB00D90E9E /* Info.plist */ = {isa = PBXFileReference; lastKnownFileType = text.plist.xml; path = Info.plist; sourceTree = "<group>"; };
		7E488D032B9A133300D90E9E /* HomeViewController.swift */ = {isa = PBXFileReference; lastKnownFileType = sourcecode.swift; path = HomeViewController.swift; sourceTree = "<group>"; };
		7E488D042B9A133300D90E9E /* HomeViewController.xib */ = {isa = PBXFileReference; lastKnownFileType = file.xib; path = HomeViewController.xib; sourceTree = "<group>"; };
		7E488D082B9A21D600D90E9E /* PruebaViewController.swift */ = {isa = PBXFileReference; lastKnownFileType = sourcecode.swift; path = PruebaViewController.swift; sourceTree = "<group>"; };
		7E488D092B9A21D600D90E9E /* PruebaViewController.xib */ = {isa = PBXFileReference; lastKnownFileType = file.xib; path = PruebaViewController.xib; sourceTree = "<group>"; };
		7E488D0D2B9A28FD00D90E9E /* UIButtonExtension.swift */ = {isa = PBXFileReference; lastKnownFileType = sourcecode.swift; path = UIButtonExtension.swift; sourceTree = "<group>"; };
/* End PBXFileReference section */

/* Begin PBXFrameworksBuildPhase section */
		7E488CE32B9A0CBA00D90E9E /* Frameworks */ = {
			isa = PBXFrameworksBuildPhase;
			buildActionMask = 2147483647;
			files = (
			);
			runOnlyForDeploymentPostprocessing = 0;
		};
/* End PBXFrameworksBuildPhase section */

/* Begin PBXGroup section */
		7E488CDD2B9A0CBA00D90E9E = {
			isa = PBXGroup;
			children = (
				7E488CE82B9A0CBA00D90E9E /* Calculadora */,
				7E488CE72B9A0CBA00D90E9E /* Products */,
			);
			sourceTree = "<group>";
		};
		7E488CE72B9A0CBA00D90E9E /* Products */ = {
			isa = PBXGroup;
			children = (
				7E488CE62B9A0CBA00D90E9E /* Calculadora.app */,
			);
			name = Products;
			sourceTree = "<group>";
		};
		7E488CE82B9A0CBA00D90E9E /* Calculadora */ = {
			isa = PBXGroup;
			children = (
				7E488CE92B9A0CBA00D90E9E /* AppDelegate.swift */,
				7E488CFF2B9A12A400D90E9E /* View */,
				7E488D002B9A12B300D90E9E /* Controller */,
				7E488CFE2B9A128700D90E9E /* Model */,
				7E488D0C2B9A28D400D90E9E /* Util */,
				7E488CF22B9A0CBB00D90E9E /* Assets.xcassets */,
				7E488CFD2B9A0D0400D90E9E /* Supporting Files */,
				7E488D082B9A21D600D90E9E /* PruebaViewController.swift */,
				7E488D092B9A21D600D90E9E /* PruebaViewController.xib */,
			);
			path = Calculadora;
			sourceTree = "<group>";
		};
		7E488CFD2B9A0D0400D90E9E /* Supporting Files */ = {
			isa = PBXGroup;
			children = (
				7E488CF72B9A0CBB00D90E9E /* Info.plist */,
			);
			path = "Supporting Files";
			sourceTree = "<group>";
		};
		7E488CFE2B9A128700D90E9E /* Model */ = {
			isa = PBXGroup;
			children = (
			);
			path = Model;
			sourceTree = "<group>";
		};
		7E488CFF2B9A12A400D90E9E /* View */ = {
			isa = PBXGroup;
			children = (
				7E488D012B9A12C900D90E9E /* Launch */,
				7E488D022B9A131A00D90E9E /* Home */,
			);
			path = View;
			sourceTree = "<group>";
		};
		7E488D002B9A12B300D90E9E /* Controller */ = {
			isa = PBXGroup;
			children = (
				7E488D072B9A134B00D90E9E /* Home */,
			);
			path = Controller;
			sourceTree = "<group>";
		};
		7E488D012B9A12C900D90E9E /* Launch */ = {
			isa = PBXGroup;
			children = (
				7E488CF42B9A0CBB00D90E9E /* LaunchScreen.storyboard */,
			);
			path = Launch;
			sourceTree = "<group>";
		};
		7E488D022B9A131A00D90E9E /* Home */ = {
			isa = PBXGroup;
			children = (
				7E488D042B9A133300D90E9E /* HomeViewController.xib */,
			);
			path = Home;
			sourceTree = "<group>";
		};
		7E488D072B9A134B00D90E9E /* Home */ = {
			isa = PBXGroup;
			children = (
				7E488D032B9A133300D90E9E /* HomeViewController.swift */,
			);
			path = Home;
			sourceTree = "<group>";
		};
		7E488D0C2B9A28D400D90E9E /* Util */ = {
			isa = PBXGroup;
			children = (
				7E488D0D2B9A28FD00D90E9E /* UIButtonExtension.swift */,
			);
			path = Util;
			sourceTree = "<group>";
		};
/* End PBXGroup section */

/* Begin PBXNativeTarget section */
		7E488CE52B9A0CBA00D90E9E /* Calculadora */ = {
			isa = PBXNativeTarget;
			buildConfigurationList = 7E488CFA2B9A0CBB00D90E9E /* Build configuration list for PBXNativeTarget "Calculadora" */;
			buildPhases = (
				7E488CE22B9A0CBA00D90E9E /* Sources */,
				7E488CE32B9A0CBA00D90E9E /* Frameworks */,
				7E488CE42B9A0CBA00D90E9E /* Resources */,
			);
			buildRules = (
			);
			dependencies = (
			);
			name = Calculadora;
			productName = Calculadora;
			productReference = 7E488CE62B9A0CBA00D90E9E /* Calculadora.app */;
			productType = "com.apple.product-type.application";
		};
/* End PBXNativeTarget section */

/* Begin PBXProject section */
		7E488CDE2B9A0CBA00D90E9E /* Project object */ = {
			isa = PBXProject;
			attributes = {
				BuildIndependentTargetsInParallel = 1;
				LastSwiftUpdateCheck = 1530;
				LastUpgradeCheck = 1530;
				TargetAttributes = {
					7E488CE52B9A0CBA00D90E9E = {
						CreatedOnToolsVersion = 15.3;
					};
				};
			};
			buildConfigurationList = 7E488CE12B9A0CBA00D90E9E /* Build configuration list for PBXProject "Calculadora" */;
			compatibilityVersion = "Xcode 14.0";
			developmentRegion = en;
			hasScannedForEncodings = 0;
			knownRegions = (
				en,
				Base,
			);
			mainGroup = 7E488CDD2B9A0CBA00D90E9E;
			productRefGroup = 7E488CE72B9A0CBA00D90E9E /* Products */;
			projectDirPath = "";
			projectRoot = "";
			targets = (
				7E488CE52B9A0CBA00D90E9E /* Calculadora */,
			);
		};
/* End PBXProject section */

/* Begin PBXResourcesBuildPhase section */
		7E488CE42B9A0CBA00D90E9E /* Resources */ = {
			isa = PBXResourcesBuildPhase;
			buildActionMask = 2147483647;
			files = (
				7E488CF32B9A0CBB00D90E9E /* Assets.xcassets in Resources */,
				7E488CF62B9A0CBB00D90E9E /* Base in Resources */,
				7E488D052B9A133300D90E9E /* HomeViewController.xib in Resources */,
				7E488D0A2B9A21D600D90E9E /* PruebaViewController.xib in Resources */,
			);
			runOnlyForDeploymentPostprocessing = 0;
		};
/* End PBXResourcesBuildPhase section */

/* Begin PBXSourcesBuildPhase section */
		7E488CE22B9A0CBA00D90E9E /* Sources */ = {
			isa = PBXSourcesBuildPhase;
			buildActionMask = 2147483647;
			files = (
				7E488CEA2B9A0CBA00D90E9E /* AppDelegate.swift in Sources */,
				7E488D0E2B9A28FD00D90E9E /* UIButtonExtension.swift in Sources */,
				7E488D062B9A133300D90E9E /* HomeViewController.swift in Sources */,
				7E488D0B2B9A21D600D90E9E /* PruebaViewController.swift in Sources */,
			);
			runOnlyForDeploymentPostprocessing = 0;
		};
/* End PBXSourcesBuildPhase section */

/* Begin PBXVariantGroup section */
		7E488CF42B9A0CBB00D90E9E /* LaunchScreen.storyboard */ = {
			isa = PBXVariantGroup;
			children = (
				7E488CF52B9A0CBB00D90E9E /* Base */,
			);
			name = LaunchScreen.storyboard;
			sourceTree = "<group>";
		};
/* End PBXVariantGroup section */

/* Begin XCBuildConfiguration section */
		7E488CF82B9A0CBB00D90E9E /* Debug */ = {
			isa = XCBuildConfiguration;
			buildSettings = {
				ALWAYS_SEARCH_USER_PATHS = NO;
				ASSETCATALOG_COMPILER_GENERATE_SWIFT_ASSET_SYMBOL_EXTENSIONS = YES;
				CLANG_ANALYZER_NONNULL = YES;
				CLANG_ANALYZER_NUMBER_OBJECT_CONVERSION = YES_AGGRESSIVE;
				CLANG_CXX_LANGUAGE_STANDARD = "gnu++20";
				CLANG_ENABLE_MODULES = YES;
				CLANG_ENABLE_OBJC_ARC = YES;
				CLANG_ENABLE_OBJC_WEAK = YES;
				CLANG_WARN_BLOCK_CAPTURE_AUTORELEASING = YES;
				CLANG_WARN_BOOL_CONVERSION = YES;
				CLANG_WARN_COMMA = YES;
				CLANG_WARN_CONSTANT_CONVERSION = YES;
				CLANG_WARN_DEPRECATED_OBJC_IMPLEMENTATIONS = YES;
				CLANG_WARN_DIRECT_OBJC_ISA_USAGE = YES_ERROR;
				CLANG_WARN_DOCUMENTATION_COMMENTS = YES;
				CLANG_WARN_EMPTY_BODY = YES;
				CLANG_WARN_ENUM_CONVERSION = YES;
				CLANG_WARN_INFINITE_RECURSION = YES;
				CLANG_WARN_INT_CONVERSION = YES;
				CLANG_WARN_NON_LITERAL_NULL_CONVERSION = YES;
				CLANG_WARN_OBJC_IMPLICIT_RETAIN_SELF = YES;
				CLANG_WARN_OBJC_LITERAL_CONVERSION = YES;
				CLANG_WARN_OBJC_ROOT_CLASS = YES_ERROR;
				CLANG_WARN_QUOTED_INCLUDE_IN_FRAMEWORK_HEADER = YES;
				CLANG_WARN_RANGE_LOOP_ANALYSIS = YES;
				CLANG_WARN_STRICT_PROTOTYPES = YES;
				CLANG_WARN_SUSPICIOUS_MOVE = YES;
				CLANG_WARN_UNGUARDED_AVAILABILITY = YES_AGGRESSIVE;
				CLANG_WARN_UNREACHABLE_CODE = YES;
				CLANG_WARN__DUPLICATE_METHOD_MATCH = YES;
				COPY_PHASE_STRIP = NO;
				DEBUG_INFORMATION_FORMAT = dwarf;
				ENABLE_STRICT_OBJC_MSGSEND = YES;
				ENABLE_TESTABILITY = YES;
				ENABLE_USER_SCRIPT_SANDBOXING = YES;
				GCC_C_LANGUAGE_STANDARD = gnu17;
				GCC_DYNAMIC_NO_PIC = NO;
				GCC_NO_COMMON_BLOCKS = YES;
				GCC_OPTIMIZATION_LEVEL = 0;
				GCC_PREPROCESSOR_DEFINITIONS = (
					"DEBUG=1",
					"$(inherited)",
				);
				GCC_WARN_64_TO_32_BIT_CONVERSION = YES;
				GCC_WARN_ABOUT_RETURN_TYPE = YES_ERROR;
				GCC_WARN_UNDECLARED_SELECTOR = YES;
				GCC_WARN_UNINITIALIZED_AUTOS = YES_AGGRESSIVE;
				GCC_WARN_UNUSED_FUNCTION = YES;
				GCC_WARN_UNUSED_VARIABLE = YES;
				IPHONEOS_DEPLOYMENT_TARGET = 17.4;
				LOCALIZATION_PREFERS_STRING_CATALOGS = YES;
				MTL_ENABLE_DEBUG_INFO = INCLUDE_SOURCE;
				MTL_FAST_MATH = YES;
				ONLY_ACTIVE_ARCH = YES;
				SDKROOT = iphoneos;
				SWIFT_ACTIVE_COMPILATION_CONDITIONS = "DEBUG $(inherited)";
				SWIFT_OPTIMIZATION_LEVEL = "-Onone";
			};
			name = Debug;
		};
		7E488CF92B9A0CBB00D90E9E /* Release */ = {
			isa = XCBuildConfiguration;
			buildSettings = {
				ALWAYS_SEARCH_USER_PATHS = NO;
				ASSETCATALOG_COMPILER_GENERATE_SWIFT_ASSET_SYMBOL_EXTENSIONS = YES;
				CLANG_ANALYZER_NONNULL = YES;
				CLANG_ANALYZER_NUMBER_OBJECT_CONVERSION = YES_AGGRESSIVE;
				CLANG_CXX_LANGUAGE_STANDARD = "gnu++20";
				CLANG_ENABLE_MODULES = YES;
				CLANG_ENABLE_OBJC_ARC = YES;
				CLANG_ENABLE_OBJC_WEAK = YES;
				CLANG_WARN_BLOCK_CAPTURE_AUTORELEASING = YES;
				CLANG_WARN_BOOL_CONVERSION = YES;
				CLANG_WARN_COMMA = YES;
				CLANG_WARN_CONSTANT_CONVERSION = YES;
				CLANG_WARN_DEPRECATED_OBJC_IMPLEMENTATIONS = YES;
				CLANG_WARN_DIRECT_OBJC_ISA_USAGE = YES_ERROR;
				CLANG_WARN_DOCUMENTATION_COMMENTS = YES;
				CLANG_WARN_EMPTY_BODY = YES;
				CLANG_WARN_ENUM_CONVERSION = YES;
				CLANG_WARN_INFINITE_RECURSION = YES;
				CLANG_WARN_INT_CONVERSION = YES;
				CLANG_WARN_NON_LITERAL_NULL_CONVERSION = YES;
				CLANG_WARN_OBJC_IMPLICIT_RETAIN_SELF = YES;
				CLANG_WARN_OBJC_LITERAL_CONVERSION = YES;
				CLANG_WARN_OBJC_ROOT_CLASS = YES_ERROR;
				CLANG_WARN_QUOTED_INCLUDE_IN_FRAMEWORK_HEADER = YES;
				CLANG_WARN_RANGE_LOOP_ANALYSIS = YES;
				CLANG_WARN_STRICT_PROTOTYPES = YES;
				CLANG_WARN_SUSPICIOUS_MOVE = YES;
				CLANG_WARN_UNGUARDED_AVAILABILITY = YES_AGGRESSIVE;
				CLANG_WARN_UNREACHABLE_CODE = YES;
				CLANG_WARN__DUPLICATE_METHOD_MATCH = YES;
				COPY_PHASE_STRIP = NO;
				DEBUG_INFORMATION_FORMAT = "dwarf-with-dsym";
				ENABLE_NS_ASSERTIONS = NO;
				ENABLE_STRICT_OBJC_MSGSEND = YES;
				ENABLE_USER_SCRIPT_SANDBOXING = YES;
				GCC_C_LANGUAGE_STANDARD = gnu17;
				GCC_NO_COMMON_BLOCKS = YES;
				GCC_WARN_64_TO_32_BIT_CONVERSION = YES;
				GCC_WARN_ABOUT_RETURN_TYPE = YES_ERROR;
				GCC_WARN_UNDECLARED_SELECTOR = YES;
				GCC_WARN_UNINITIALIZED_AUTOS = YES_AGGRESSIVE;
				GCC_WARN_UNUSED_FUNCTION = YES;
				GCC_WARN_UNUSED_VARIABLE = YES;
				IPHONEOS_DEPLOYMENT_TARGET = 17.4;
				LOCALIZATION_PREFERS_STRING_CATALOGS = YES;
				MTL_ENABLE_DEBUG_INFO = NO;
				MTL_FAST_MATH = YES;
				SDKROOT = iphoneos;
				SWIFT_COMPILATION_MODE = wholemodule;
				VALIDATE_PRODUCT = YES;
			};
			name = Release;
		};
		7E488CFB2B9A0CBB00D90E9E /* Debug */ = {
			isa = XCBuildConfiguration;
			buildSettings = {
				ASSETCATALOG_COMPILER_APPICON_NAME = AppIcon;
				ASSETCATALOG_COMPILER_GLOBAL_ACCENT_COLOR_NAME = AccentColor;
				ASSETCATALOG_COMPILER_INCLUDE_ALL_APPICON_ASSETS = NO;
				CODE_SIGN_STYLE = Automatic;
				CURRENT_PROJECT_VERSION = 1;
				GENERATE_INFOPLIST_FILE = YES;
				INFOPLIST_FILE = "Calculadora/Supporting Files/Info.plist";
				INFOPLIST_KEY_UIApplicationSupportsIndirectInputEvents = YES;
				INFOPLIST_KEY_UILaunchStoryboardName = launchScreen;
				INFOPLIST_KEY_UIMainStoryboardFile = "";
				INFOPLIST_KEY_UIStatusBarStyle = UIStatusBarStyleLightContent;
				INFOPLIST_KEY_UISupportedInterfaceOrientations_iPad = "UIInterfaceOrientationPortrait UIInterfaceOrientationPortraitUpsideDown UIInterfaceOrientationLandscapeLeft UIInterfaceOrientationLandscapeRight";
				INFOPLIST_KEY_UISupportedInterfaceOrientations_iPhone = "UIInterfaceOrientationPortrait UIInterfaceOrientationLandscapeLeft UIInterfaceOrientationLandscapeRight";
				LD_RUNPATH_SEARCH_PATHS = (
					"$(inherited)",
					"@executable_path/Frameworks",
				);
				MARKETING_VERSION = 1.0;
				PRODUCT_BUNDLE_IDENTIFIER = com.samuelcies.Calculadora;
				PRODUCT_NAME = "$(TARGET_NAME)";
				SWIFT_EMIT_LOC_STRINGS = YES;
				SWIFT_VERSION = 5.0;
				TARGETED_DEVICE_FAMILY = "1,2";
			};
			name = Debug;
		};
		7E488CFC2B9A0CBB00D90E9E /* Release */ = {
			isa = XCBuildConfiguration;
			buildSettings = {
				ASSETCATALOG_COMPILER_APPICON_NAME = AppIcon;
				ASSETCATALOG_COMPILER_GLOBAL_ACCENT_COLOR_NAME = AccentColor;
				ASSETCATALOG_COMPILER_INCLUDE_ALL_APPICON_ASSETS = NO;
				CODE_SIGN_STYLE = Automatic;
				CURRENT_PROJECT_VERSION = 1;
				GENERATE_INFOPLIST_FILE = YES;
				INFOPLIST_FILE = "Calculadora/Supporting Files/Info.plist";
				INFOPLIST_KEY_UIApplicationSupportsIndirectInputEvents = YES;
				INFOPLIST_KEY_UILaunchStoryboardName = launchScreen;
				INFOPLIST_KEY_UIMainStoryboardFile = "";
				INFOPLIST_KEY_UIStatusBarStyle = UIStatusBarStyleLightContent;
				INFOPLIST_KEY_UISupportedInterfaceOrientations_iPad = "UIInterfaceOrientationPortrait UIInterfaceOrientationPortraitUpsideDown UIInterfaceOrientationLandscapeLeft UIInterfaceOrientationLandscapeRight";
				INFOPLIST_KEY_UISupportedInterfaceOrientations_iPhone = "UIInterfaceOrientationPortrait UIInterfaceOrientationLandscapeLeft UIInterfaceOrientationLandscapeRight";
				LD_RUNPATH_SEARCH_PATHS = (
					"$(inherited)",
					"@executable_path/Frameworks",
				);
				MARKETING_VERSION = 1.0;
				PRODUCT_BUNDLE_IDENTIFIER = com.samuelcies.Calculadora;
				PRODUCT_NAME = "$(TARGET_NAME)";
				SWIFT_EMIT_LOC_STRINGS = YES;
				SWIFT_VERSION = 5.0;
				TARGETED_DEVICE_FAMILY = "1,2";
			};
			name = Release;
		};
/* End XCBuildConfiguration section */

/* Begin XCConfigurationList section */
		7E488CE12B9A0CBA00D90E9E /* Build configuration list for PBXProject "Calculadora" */ = {
			isa = XCConfigurationList;
			buildConfigurations = (
				7E488CF82B9A0CBB00D90E9E /* Debug */,
				7E488CF92B9A0CBB00D90E9E /* Release */,
			);
			defaultConfigurationIsVisible = 0;
			defaultConfigurationName = Release;
		};
		7E488CFA2B9A0CBB00D90E9E /* Build configuration list for PBXNativeTarget "Calculadora" */ = {
			isa = XCConfigurationList;
			buildConfigurations = (
				7E488CFB2B9A0CBB00D90E9E /* Debug */,
				7E488CFC2B9A0CBB00D90E9E /* Release */,
			);
			defaultConfigurationIsVisible = 0;
			defaultConfigurationName = Release;
		};
/* End XCConfigurationList section */
	};
	rootObject = 7E488CDE2B9A0CBA00D90E9E /* Project object */;
}
